<?xml version="1.0" encoding="utf-8"?>
<Project ToolsVersion="4.0" xmlns="http://schemas.microsoft.com/developer/msbuild/2003">
  <ItemGroup>
    <Filter Include="App">
      <UniqueIdentifier>{fa4dfa0b-b557-49b6-a0fe-36218ebdc2da}</UniqueIdentifier>
    </Filter>
    <Filter Include="GameEngine">
      <UniqueIdentifier>{bcbbeb99-46d2-47fc-b9d8-fa59cec593ce}</UniqueIdentifier>
    </Filter>
    <Filter Include="GameEngine\GraphicsEngine">
      <UniqueIdentifier>{8b631988-6883-4946-a4ef-fe9e96db4d1a}</UniqueIdentifier>
    </Filter>
    <Filter Include="GameEngine\WindowsSystem">
      <UniqueIdentifier>{c930a9e9-2759-4ba9-8f78-7ffa87437b83}</UniqueIdentifier>
    </Filter>
    <Filter Include="GameEngine\GraphicsEngine\SwapChain">
      <UniqueIdentifier>{02c48e5f-26f8-4879-8a70-ad4f16b88c51}</UniqueIdentifier>
    </Filter>
    <Filter Include="GameEngine\GraphicsEngine\DeviceContext">
      <UniqueIdentifier>{75d5ee10-706d-40ce-88fd-da0cfecbe900}</UniqueIdentifier>
    </Filter>
    <Filter Include="GameEngine\Utils">
      <UniqueIdentifier>{d2dc81cc-56b7-42c4-99ec-c1149575ec90}</UniqueIdentifier>
    </Filter>
    <Filter Include="GameEngine\GraphicsEngine\VertexBuffer">
      <UniqueIdentifier>{de3a6912-91b9-41ca-8ed0-574e8bbba824}</UniqueIdentifier>
    </Filter>
    <Filter Include="GameEngine\Shaders">
      <UniqueIdentifier>{f347d058-63be-42f4-bbdb-8b39dc45924e}</UniqueIdentifier>
    </Filter>
    <Filter Include="GameEngine\GraphicsEngine\VertexShader">
      <UniqueIdentifier>{277ad3ef-3974-404d-85b4-7bbd1bc9e7ab}</UniqueIdentifier>
    </Filter>
    <Filter Include="GameEngine\GraphicsEngine\PixelShader">
      <UniqueIdentifier>{31b25e3a-e4af-4fcc-b870-e5d810caad43}</UniqueIdentifier>
    </Filter>
    <Filter Include="GameEngine\GraphicsEngine\ConstantBuffer">
      <UniqueIdentifier>{f098bc54-9eee-4f45-acc6-258ca9cd3cde}</UniqueIdentifier>
    </Filter>
    <Filter Include="GameEngine\Math">
      <UniqueIdentifier>{03feac31-2365-4524-834e-a63e57c721bb}</UniqueIdentifier>
    </Filter>
    <Filter Include="GameEngine\GraphicsEngine\IndexBuffer">
      <UniqueIdentifier>{6870e591-d092-4f4b-8946-0cbc18f231cf}</UniqueIdentifier>
    </Filter>
    <Filter Include="GameEngine\Primitive">
      <UniqueIdentifier>{ee2a5f44-d007-41f4-9711-929614de8d47}</UniqueIdentifier>
    </Filter>
    <Filter Include="GameEngine\InputSystem">
      <UniqueIdentifier>{9b6d8493-89fb-4c69-a476-bd33cb5fdbbd}</UniqueIdentifier>
    </Filter>
    <Filter Include="IMGUI">
      <UniqueIdentifier>{92efbda2-45c8-44cd-b729-139a18de9a18}</UniqueIdentifier>
    </Filter>
    <Filter Include="Editor">
      <UniqueIdentifier>{42d084f9-c1f6-4604-8f47-8205fa2219ac}</UniqueIdentifier>
    </Filter>
    <Filter Include="Hierarchy">
      <UniqueIdentifier>{0cbcd5de-6420-4799-89d3-360cc5705056}</UniqueIdentifier>
    </Filter>
    <Filter Include="GameEngine\ResourceManager">
      <UniqueIdentifier>{341e5a6c-b7b1-4c4d-9128-368427920ece}</UniqueIdentifier>
    </Filter>
    <Filter Include="GameEngine\ResourceManager\TextureManager">
      <UniqueIdentifier>{08ab4f51-546f-454e-9682-9943f814c1ae}</UniqueIdentifier>
    </Filter>
    <Filter Include="ComponentSystem">
      <UniqueIdentifier>{deaa4605-3015-4ecc-a445-e6b98dd5a31b}</UniqueIdentifier>
    </Filter>
    <Filter Include="GameEngine\Backend">
      <UniqueIdentifier>{b7cf0047-7a28-45d2-94b5-e1198579de9c}</UniqueIdentifier>
    </Filter>
    <Filter Include="GameEngine\SceneManagement">
      <UniqueIdentifier>{4dfd855a-c496-4a1a-bfbd-0bbf15e53d42}</UniqueIdentifier>
    </Filter>
    <Filter Include="Editor\Screens">
      <UniqueIdentifier>{ab178af3-ea27-4a24-a511-d42163bf3c42}</UniqueIdentifier>
    </Filter>
    <Filter Include="IMGuizmo">
      <UniqueIdentifier>{f465e699-7cf9-4dd4-a793-c46081ed64bd}</UniqueIdentifier>
    </Filter>
    <Filter Include="Editor\Layers">
      <UniqueIdentifier>{890a0bad-a55d-4fc2-9506-0223ea1a16a4}</UniqueIdentifier>
    </Filter>
  </ItemGroup>
  <ItemGroup>
    <ClCompile Include="main.cpp">
      <Filter>App</Filter>
    </ClCompile>
    <ClCompile Include="AppWindow.cpp">
      <Filter>App</Filter>
    </ClCompile>
    <ClCompile Include="Window.cpp">
      <Filter>GameEngine\WindowsSystem</Filter>
    </ClCompile>
    <ClCompile Include="GraphicsEngine.cpp">
      <Filter>GameEngine\GraphicsEngine</Filter>
    </ClCompile>
    <ClCompile Include="SwapChain.cpp">
      <Filter>GameEngine\GraphicsEngine\SwapChain</Filter>
    </ClCompile>
    <ClCompile Include="DeviceContext.cpp">
      <Filter>GameEngine\GraphicsEngine\DeviceContext</Filter>
    </ClCompile>
    <ClCompile Include="LogUtils.cpp">
      <Filter>GameEngine\Utils</Filter>
    </ClCompile>
    <ClCompile Include="VertexBuffer.cpp">
      <Filter>GameEngine\GraphicsEngine\VertexBuffer</Filter>
    </ClCompile>
    <ClCompile Include="EngineTime.cpp">
      <Filter>GameEngine\Backend</Filter>
    </ClCompile>
    <ClCompile Include="VertexShader.cpp">
      <Filter>GameEngine\GraphicsEngine\VertexShader</Filter>
    </ClCompile>
    <ClCompile Include="PixelShader.cpp">
      <Filter>GameEngine\GraphicsEngine\PixelShader</Filter>
    </ClCompile>
    <ClCompile Include="ConstantBuffer.cpp">
      <Filter>GameEngine\GraphicsEngine\ConstantBuffer</Filter>
    </ClCompile>
    <ClCompile Include="Vector3D.cpp">
      <Filter>GameEngine\Math</Filter>
    </ClCompile>
    <ClCompile Include="Matrix4x4.cpp">
      <Filter>GameEngine\Math</Filter>
    </ClCompile>
    <ClCompile Include="IndexBuffer.cpp">
      <Filter>GameEngine\GraphicsEngine\IndexBuffer</Filter>
    </ClCompile>
    <ClCompile Include="Cube.cpp">
      <Filter>GameEngine\Primitive</Filter>
    </ClCompile>
    <ClCompile Include="MathUtils.cpp">
      <Filter>GameEngine\Math</Filter>
    </ClCompile>
    <ClCompile Include="InputSystem.cpp">
      <Filter>GameEngine\InputSystem</Filter>
    </ClCompile>
    <ClCompile Include="imgui.cpp">
      <Filter>IMGUI</Filter>
    </ClCompile>
    <ClCompile Include="imgui_demo.cpp">
      <Filter>IMGUI</Filter>
    </ClCompile>
    <ClCompile Include="imgui_draw.cpp">
      <Filter>IMGUI</Filter>
    </ClCompile>
    <ClCompile Include="imgui_impl_dx11.cpp">
      <Filter>IMGUI</Filter>
    </ClCompile>
    <ClCompile Include="imgui_impl_win32.cpp">
      <Filter>IMGUI</Filter>
    </ClCompile>
    <ClCompile Include="imgui_widgets.cpp">
      <Filter>IMGUI</Filter>
    </ClCompile>
    <ClCompile Include="Point.cpp">
      <Filter>GameEngine\Math</Filter>
    </ClCompile>
    <ClCompile Include="Vector4D.cpp">
      <Filter>GameEngine\Math</Filter>
    </ClCompile>
    <ClCompile Include="Camera.cpp">
      <Filter>GameEngine\Primitive</Filter>
    </ClCompile>
    <ClCompile Include="SceneCameraHandler.cpp">
      <Filter>GameEngine\GraphicsEngine</Filter>
    </ClCompile>
    <ClCompile Include="UIManager.cpp">
      <Filter>Editor</Filter>
    </ClCompile>
    <ClCompile Include="AUIScreen.cpp">
      <Filter>Editor</Filter>
    </ClCompile>
    <ClCompile Include="GameObjectManager.cpp">
      <Filter>Hierarchy</Filter>
    </ClCompile>
    <ClCompile Include="Plane.cpp">
      <Filter>GameEngine\Primitive</Filter>
    </ClCompile>
    <ClCompile Include="Resource.cpp">
      <Filter>GameEngine\ResourceManager</Filter>
    </ClCompile>
    <ClCompile Include="ResourceManager.cpp">
      <Filter>GameEngine\ResourceManager</Filter>
    </ClCompile>
    <ClCompile Include="Texture.cpp">
      <Filter>GameEngine\ResourceManager\TextureManager</Filter>
    </ClCompile>
    <ClCompile Include="TextureManager.cpp">
      <Filter>GameEngine\ResourceManager\TextureManager</Filter>
    </ClCompile>
    <ClCompile Include="TexturedVertexBuffer.cpp">
      <Filter>GameEngine\GraphicsEngine\VertexBuffer</Filter>
    </ClCompile>
    <ClCompile Include="TexturedCube.cpp">
      <Filter>GameEngine\Primitive</Filter>
    </ClCompile>
    <ClCompile Include="Vector2D.cpp">
      <Filter>GameEngine\Math</Filter>
    </ClCompile>
    <ClCompile Include="ShaderLibrary.cpp">
      <Filter>GameEngine\GraphicsEngine</Filter>
    </ClCompile>
    <ClCompile Include="AComponent.cpp">
      <Filter>ComponentSystem</Filter>
    </ClCompile>
    <ClCompile Include="BaseComponentSystem.cpp">
      <Filter>ComponentSystem</Filter>
    </ClCompile>
    <ClCompile Include="PhysicsComponent.cpp">
      <Filter>ComponentSystem</Filter>
    </ClCompile>
    <ClCompile Include="PhysicsSystem.cpp">
      <Filter>ComponentSystem</Filter>
    </ClCompile>
    <ClCompile Include="AGameObject.cpp">
      <Filter>Hierarchy</Filter>
    </ClCompile>
    <ClCompile Include="PhysicsCube.cpp">
      <Filter>GameEngine\Primitive</Filter>
    </ClCompile>
    <ClCompile Include="PhysicsPlane.cpp">
      <Filter>GameEngine\Primitive</Filter>
    </ClCompile>
    <ClCompile Include="EngineBackend.cpp">
      <Filter>GameEngine\Backend</Filter>
    </ClCompile>
    <ClCompile Include="EditorAction.cpp">
      <Filter>GameEngine\Backend</Filter>
    </ClCompile>
    <ClCompile Include="ActionHistory.cpp">
      <Filter>GameEngine\Backend</Filter>
    </ClCompile>
    <ClCompile Include="SceneWriter.cpp">
      <Filter>GameEngine\SceneManagement</Filter>
    </ClCompile>
    <ClCompile Include="StringUtils.cpp">
      <Filter>GameEngine\Utils</Filter>
    </ClCompile>
    <ClCompile Include="SceneReader.cpp">
      <Filter>GameEngine\SceneManagement</Filter>
    </ClCompile>
    <ClCompile Include="ActionScreen.cpp">
      <Filter>Editor\Screens</Filter>
    </ClCompile>
    <ClCompile Include="HierarchyScreen.cpp">
      <Filter>Editor\Screens</Filter>
    </ClCompile>
    <ClCompile Include="InspectorScreen.cpp">
      <Filter>Editor\Screens</Filter>
    </ClCompile>
    <ClCompile Include="MenuScreen.cpp">
      <Filter>Editor\Screens</Filter>
    </ClCompile>
    <ClCompile Include="PlaybackScreen.cpp">
      <Filter>Editor\Screens</Filter>
    </ClCompile>
    <ClCompile Include="ProfilerScreen.cpp">
      <Filter>Editor\Screens</Filter>
    </ClCompile>
    <ClCompile Include="Debug.cpp">
      <Filter>GameEngine\Backend</Filter>
    </ClCompile>
    <ClCompile Include="ConsoleScreen.cpp">
      <Filter>Editor\Screens</Filter>
    </ClCompile>
    <ClCompile Include="MaterialScreen.cpp">
      <Filter>Editor\Screens</Filter>
    </ClCompile>
    <ClCompile Include="ABaseRenderer.cpp">
      <Filter>ComponentSystem</Filter>
    </ClCompile>
    <ClCompile Include="TextureRenderer.cpp">
      <Filter>ComponentSystem</Filter>
    </ClCompile>
    <ClCompile Include="BasicRenderer.cpp">
      <Filter>ComponentSystem</Filter>
    </ClCompile>
    <ClCompile Include="CSALGCM_Sample.cpp">
      <Filter>App</Filter>
    </ClCompile>
    <ClCompile Include="imgui_tables.cpp">
      <Filter>IMGUI</Filter>
    </ClCompile>
    <ClCompile Include="imGuIZMOquat.cpp">
      <Filter>IMGuizmo</Filter>
    </ClCompile>
    <ClCompile Include="GizmoLayer.cpp">
      <Filter>Editor\Layers</Filter>
    </ClCompile>
  </ItemGroup>
  <ItemGroup>
    <ClInclude Include="AppWindow.h">
      <Filter>App</Filter>
    </ClInclude>
    <ClInclude Include="Window.h">
      <Filter>GameEngine\WindowsSystem</Filter>
    </ClInclude>
    <ClInclude Include="GraphicsEngine.h">
      <Filter>GameEngine\GraphicsEngine</Filter>
    </ClInclude>
    <ClInclude Include="SwapChain.h">
      <Filter>GameEngine\GraphicsEngine\SwapChain</Filter>
    </ClInclude>
    <ClInclude Include="DeviceContext.h">
      <Filter>GameEngine\GraphicsEngine\DeviceContext</Filter>
    </ClInclude>
    <ClInclude Include="LogUtils.h">
      <Filter>GameEngine\Utils</Filter>
    </ClInclude>
    <ClInclude Include="VertexBuffer.h">
      <Filter>GameEngine\GraphicsEngine\VertexBuffer</Filter>
    </ClInclude>
    <ClInclude Include="EngineTime.h">
      <Filter>GameEngine\Backend</Filter>
    </ClInclude>
    <ClInclude Include="VertexShader.h">
      <Filter>GameEngine\GraphicsEngine\VertexShader</Filter>
    </ClInclude>
    <ClInclude Include="PixelShader.h">
      <Filter>GameEngine\GraphicsEngine\PixelShader</Filter>
    </ClInclude>
    <ClInclude Include="ConstantBuffer.h">
      <Filter>GameEngine\GraphicsEngine\ConstantBuffer</Filter>
    </ClInclude>
    <ClInclude Include="Vector3D.h">
      <Filter>GameEngine\Math</Filter>
    </ClInclude>
    <ClInclude Include="Matrix4x4.h">
      <Filter>GameEngine\Math</Filter>
    </ClInclude>
    <ClInclude Include="IndexBuffer.h">
      <Filter>GameEngine\GraphicsEngine\IndexBuffer</Filter>
    </ClInclude>
    <ClInclude Include="Cube.h">
      <Filter>GameEngine\Primitive</Filter>
    </ClInclude>
    <ClInclude Include="MathUtils.h">
      <Filter>GameEngine\Math</Filter>
    </ClInclude>
    <ClInclude Include="InputSystem.h">
      <Filter>GameEngine\InputSystem</Filter>
    </ClInclude>
    <ClInclude Include="InputListener.h">
      <Filter>GameEngine\InputSystem</Filter>
    </ClInclude>
    <ClInclude Include="imconfig.h">
      <Filter>IMGUI</Filter>
    </ClInclude>
    <ClInclude Include="imgui.h">
      <Filter>IMGUI</Filter>
    </ClInclude>
    <ClInclude Include="imgui_impl_dx11.h">
      <Filter>IMGUI</Filter>
    </ClInclude>
    <ClInclude Include="imgui_impl_win32.h">
      <Filter>IMGUI</Filter>
    </ClInclude>
    <ClInclude Include="imgui_internal.h">
      <Filter>IMGUI</Filter>
    </ClInclude>
    <ClInclude Include="imstb_rectpack.h">
      <Filter>IMGUI</Filter>
    </ClInclude>
    <ClInclude Include="imstb_textedit.h">
      <Filter>IMGUI</Filter>
    </ClInclude>
    <ClInclude Include="imstb_truetype.h">
      <Filter>IMGUI</Filter>
    </ClInclude>
    <ClInclude Include="Point.h">
      <Filter>GameEngine\Math</Filter>
    </ClInclude>
    <ClInclude Include="Vector4D.h">
      <Filter>GameEngine\Math</Filter>
    </ClInclude>
    <ClInclude Include="Camera.h">
      <Filter>GameEngine\Primitive</Filter>
    </ClInclude>
    <ClInclude Include="SceneCameraHandler.h">
      <Filter>GameEngine\GraphicsEngine</Filter>
    </ClInclude>
    <ClInclude Include="UIManager.h">
      <Filter>Editor</Filter>
    </ClInclude>
    <ClInclude Include="AUIScreen.h">
      <Filter>Editor</Filter>
    </ClInclude>
    <ClInclude Include="GameObjectManager.h">
      <Filter>Hierarchy</Filter>
    </ClInclude>
    <ClInclude Include="Plane.h">
      <Filter>GameEngine\Primitive</Filter>
    </ClInclude>
    <ClInclude Include="Resource.h">
      <Filter>GameEngine\ResourceManager</Filter>
    </ClInclude>
    <ClInclude Include="ResourceManager.h">
      <Filter>GameEngine\ResourceManager</Filter>
    </ClInclude>
    <ClInclude Include="Texture.h">
      <Filter>GameEngine\ResourceManager\TextureManager</Filter>
    </ClInclude>
    <ClInclude Include="TextureManager.h">
      <Filter>GameEngine\ResourceManager\TextureManager</Filter>
    </ClInclude>
    <ClInclude Include="TexturedVertexBuffer.h">
      <Filter>GameEngine\GraphicsEngine\VertexBuffer</Filter>
    </ClInclude>
    <ClInclude Include="TexturedCube.h">
      <Filter>GameEngine\Primitive</Filter>
    </ClInclude>
    <ClInclude Include="Vector2D.h">
      <Filter>GameEngine\Math</Filter>
    </ClInclude>
    <ClInclude Include="ShaderLibrary.h">
      <Filter>GameEngine\GraphicsEngine</Filter>
    </ClInclude>
    <ClInclude Include="BaseComponentSystem.h">
      <Filter>ComponentSystem</Filter>
    </ClInclude>
    <ClInclude Include="PhysicsComponent.h">
      <Filter>ComponentSystem</Filter>
    </ClInclude>
    <ClInclude Include="PhysicsSystem.h">
      <Filter>ComponentSystem</Filter>
    </ClInclude>
    <ClInclude Include="AGameObject.h">
      <Filter>Hierarchy</Filter>
    </ClInclude>
    <ClInclude Include="AComponent.h">
      <Filter>ComponentSystem</Filter>
    </ClInclude>
    <ClInclude Include="PhysicsCube.h">
      <Filter>GameEngine\Primitive</Filter>
    </ClInclude>
    <ClInclude Include="PhysicsPlane.h">
      <Filter>GameEngine\Primitive</Filter>
    </ClInclude>
    <ClInclude Include="EngineBackend.h">
      <Filter>GameEngine\Backend</Filter>
    </ClInclude>
    <ClInclude Include="EditorAction.h">
      <Filter>GameEngine\Backend</Filter>
    </ClInclude>
    <ClInclude Include="ActionHistory.h">
      <Filter>GameEngine\Backend</Filter>
    </ClInclude>
    <ClInclude Include="imfilebrowser.h">
      <Filter>IMGUI</Filter>
    </ClInclude>
    <ClInclude Include="SceneWriter.h">
      <Filter>GameEngine\SceneManagement</Filter>
    </ClInclude>
    <ClInclude Include="StringUtils.h">
      <Filter>GameEngine\Utils</Filter>
    </ClInclude>
    <ClInclude Include="SceneReader.h">
      <Filter>GameEngine\SceneManagement</Filter>
    </ClInclude>
    <ClInclude Include="ActionScreen.h">
      <Filter>Editor\Screens</Filter>
    </ClInclude>
    <ClInclude Include="HierarchyScreen.h">
      <Filter>Editor\Screens</Filter>
    </ClInclude>
    <ClInclude Include="InspectorScreen.h">
      <Filter>Editor\Screens</Filter>
    </ClInclude>
    <ClInclude Include="MenuScreen.h">
      <Filter>Editor\Screens</Filter>
    </ClInclude>
    <ClInclude Include="PlaybackScreen.h">
      <Filter>Editor\Screens</Filter>
    </ClInclude>
    <ClInclude Include="ProfilerScreen.h">
      <Filter>Editor\Screens</Filter>
    </ClInclude>
    <ClInclude Include="Debug.h">
      <Filter>GameEngine\Backend</Filter>
    </ClInclude>
    <ClInclude Include="ConsoleScreen.h">
      <Filter>Editor\Screens</Filter>
    </ClInclude>
    <ClInclude Include="MaterialScreen.h">
      <Filter>Editor\Screens</Filter>
    </ClInclude>
    <ClInclude Include="ABaseRenderer.h">
      <Filter>ComponentSystem</Filter>
    </ClInclude>
    <ClInclude Include="TextureRenderer.h">
      <Filter>ComponentSystem</Filter>
    </ClInclude>
    <ClInclude Include="BasicRenderer.h">
      <Filter>ComponentSystem</Filter>
    </ClInclude>
    <ClInclude Include="imGuIZMOquat.h">
      <Filter>IMGuizmo</Filter>
    </ClInclude>
    <ClInclude Include="vgConfig.h">
      <Filter>IMGuizmo</Filter>
    </ClInclude>
    <ClInclude Include="vGizmo.h">
      <Filter>IMGuizmo</Filter>
    </ClInclude>
    <ClInclude Include="vGizmoMath.h">
      <Filter>IMGuizmo</Filter>
    </ClInclude>
    <ClInclude Include="vgMath.h">
      <Filter>IMGuizmo</Filter>
    </ClInclude>
    <ClInclude Include="GizmoLayer.h">
      <Filter>Editor\Layers</Filter>
    </ClInclude>
  </ItemGroup>
  <ItemGroup>
    <FxCompile Include="PixelShader.hlsl">
      <Filter>GameEngine\Shaders</Filter>
    </FxCompile>
    <FxCompile Include="VertexShader.hlsl">
      <Filter>GameEngine\Shaders</Filter>
    </FxCompile>
    <FxCompile Include="TexturedVertexShader.hlsl">
      <Filter>GameEngine\Shaders</Filter>
    </FxCompile>
    <FxCompile Include="TexturedPixelShader.hlsl">
      <Filter>GameEngine\Shaders</Filter>
    </FxCompile>
  </ItemGroup>
  <ItemGroup>
    <None Include="imgui.ini">
      <Filter>IMGUI</Filter>
    </None>
  </ItemGroup>
</Project>