<?xml version="1.0" encoding="utf-8"?>
<Project ToolsVersion="4.0" xmlns="http://schemas.microsoft.com/developer/msbuild/2003">
  <ItemGroup>
    <ClCompile Include="main.cpp" />
    <ClCompile Include="ColorUtils.cpp">
      <Filter>Utils</Filter>
    </ClCompile>
    <ClCompile Include="Vector3D.cpp">
      <Filter>Math</Filter>
    </ClCompile>
    <ClCompile Include="Ray.cpp">
      <Filter>Math</Filter>
    </ClCompile>
    <ClCompile Include="Sphere.cpp">
      <Filter>GameObject</Filter>
    </ClCompile>
    <ClCompile Include="HittableList.cpp">
      <Filter>GameObject</Filter>
    </ClCompile>
    <ClCompile Include="MathUtils.cpp">
      <Filter>Math</Filter>
    </ClCompile>
    <ClCompile Include="Camera.cpp">
      <Filter>GameObject</Filter>
    </ClCompile>
    <ClCompile Include="DiffuseMaterial.cpp">
      <Filter>Materials</Filter>
    </ClCompile>
    <ClCompile Include="MetalMaterial.cpp">
      <Filter>Materials</Filter>
    </ClCompile>
    <ClCompile Include="DielectricMaterial.cpp">
      <Filter>Materials</Filter>
    </ClCompile>
  </ItemGroup>
  <ItemGroup>
    <Filter Include="Math">
      <UniqueIdentifier>{313b44a8-e747-46bd-ab97-c3d0df7add7e}</UniqueIdentifier>
    </Filter>
    <Filter Include="Utils">
      <UniqueIdentifier>{6dad0184-37d3-4dee-b6e2-555b79c3e95a}</UniqueIdentifier>
    </Filter>
    <Filter Include="GameObject">
      <UniqueIdentifier>{33233a06-5b8f-48e8-b87a-40d347f5345f}</UniqueIdentifier>
    </Filter>
    <Filter Include="Materials">
      <UniqueIdentifier>{bffef2f4-b9cc-402c-bbba-61efd744a4f6}</UniqueIdentifier>
    </Filter>
  </ItemGroup>
  <ItemGroup>
    <ClInclude Include="ColorUtils.h">
      <Filter>Utils</Filter>
    </ClInclude>
    <ClInclude Include="Vector3D.h">
      <Filter>Math</Filter>
    </ClInclude>
    <ClInclude Include="Ray.h">
      <Filter>Math</Filter>
    </ClInclude>
    <ClInclude Include="AHittable.h">
      <Filter>GameObject</Filter>
    </ClInclude>
    <ClInclude Include="Sphere.h">
      <Filter>GameObject</Filter>
    </ClInclude>
    <ClInclude Include="HittableList.h">
      <Filter>GameObject</Filter>
    </ClInclude>
    <ClInclude Include="MathUtils.h">
      <Filter>Math</Filter>
    </ClInclude>
    <ClInclude Include="Camera.h">
      <Filter>GameObject</Filter>
    </ClInclude>
    <ClInclude Include="AMaterial.h">
      <Filter>Materials</Filter>
    </ClInclude>
    <ClInclude Include="DiffuseMaterial.h">
      <Filter>Materials</Filter>
    </ClInclude>
    <ClInclude Include="MetalMaterial.h">
      <Filter>Materials</Filter>
    </ClInclude>
    <ClInclude Include="DielectricMaterial.h">
      <Filter>Materials</Filter>
    </ClInclude>
  </ItemGroup>
</Project>